// !$*UTF8*$!
{
	archiveVersion = 1;
	classes = {
	};
	objectVersion = 42;
	objects = {

/* Begin PBXBuildFile section */
		52048CED1FC2B5DF00FBBBAB /* Carbon.framework in Frameworks */ = {isa = PBXBuildFile; fileRef = 08EA7FFBFE8413EDC02AAC07 /* Carbon.framework */; };
		52048CF51FC2B5F500FBBBAB /* o.rtecg.c in Sources */ = {isa = PBXBuildFile; fileRef = 52048CF41FC2B5F500FBBBAB /* o.rtecg.c */; };
		52DD573C1FCEAA2D007C45BC /* rtecg_filter.c in Sources */ = {isa = PBXBuildFile; fileRef = 52DD573A1FCEAA2D007C45BC /* rtecg_filter.c */; };
		52DD573D1FCEAA2D007C45BC /* rtecg_pantompkins.c in Sources */ = {isa = PBXBuildFile; fileRef = 52DD573B1FCEAA2D007C45BC /* rtecg_pantompkins.c */; };
		52DD573F1FCEB2EF007C45BC /* commonsyms.c in Sources */ = {isa = PBXBuildFile; fileRef = 52DD573E1FCEB2EF007C45BC /* commonsyms.c */; };
		52DD57411FCEB2FF007C45BC /* MaxAPI.framework in Frameworks */ = {isa = PBXBuildFile; fileRef = 52DD57401FCEB2FF007C45BC /* MaxAPI.framework */; };
/* End PBXBuildFile section */

/* Begin PBXFileReference section */
		08EA7FFBFE8413EDC02AAC07 /* Carbon.framework */ = {isa = PBXFileReference; lastKnownFileType = wrapper.framework; name = Carbon.framework; path = /System/Library/Frameworks/Carbon.framework; sourceTree = "<absolute>"; };
		52048CF31FC2B5DF00FBBBAB /* o.rtecg.mxo */ = {isa = PBXFileReference; explicitFileType = wrapper.cfbundle; includeInIndex = 0; path = o.rtecg.mxo; sourceTree = BUILT_PRODUCTS_DIR; };
		52048CF41FC2B5F500FBBBAB /* o.rtecg.c */ = {isa = PBXFileReference; fileEncoding = 4; lastKnownFileType = sourcecode.c.c; path = o.rtecg.c; sourceTree = "<group>"; };
		52DD573A1FCEAA2D007C45BC /* rtecg_filter.c */ = {isa = PBXFileReference; fileEncoding = 4; lastKnownFileType = sourcecode.c.c; name = rtecg_filter.c; path = ../../rtecg_filter.c; sourceTree = "<group>"; };
		52DD573B1FCEAA2D007C45BC /* rtecg_pantompkins.c */ = {isa = PBXFileReference; fileEncoding = 4; lastKnownFileType = sourcecode.c.c; name = rtecg_pantompkins.c; path = ../../rtecg_pantompkins.c; sourceTree = "<group>"; };
		52DD573E1FCEB2EF007C45BC /* commonsyms.c */ = {isa = PBXFileReference; fileEncoding = 4; lastKnownFileType = sourcecode.c.c; name = commonsyms.c; path = "../lib/max-sdk/source/c74support/max-includes/common/commonsyms.c"; sourceTree = "<group>"; };
		52DD57401FCEB2FF007C45BC /* MaxAPI.framework */ = {isa = PBXFileReference; lastKnownFileType = wrapper.framework; name = MaxAPI.framework; path = "../lib/max-sdk/source/c74support/max-includes/MaxAPI.framework"; sourceTree = "<group>"; };
/* End PBXFileReference section */

/* Begin PBXFrameworksBuildPhase section */
		52048CEC1FC2B5DF00FBBBAB /* Frameworks */ = {
			isa = PBXFrameworksBuildPhase;
			buildActionMask = 2147483647;
			files = (
				52DD57411FCEB2FF007C45BC /* MaxAPI.framework in Frameworks */,
				52048CED1FC2B5DF00FBBBAB /* Carbon.framework in Frameworks */,
			);
			runOnlyForDeploymentPostprocessing = 0;
		};
/* End PBXFrameworksBuildPhase section */

/* Begin PBXGroup section */
		089C166AFE841209C02AAC07 /* cv_jit */ = {
			isa = PBXGroup;
			children = (
				52048CF41FC2B5F500FBBBAB /* o.rtecg.c */,
				52DD573A1FCEAA2D007C45BC /* rtecg_filter.c */,
				52DD573B1FCEAA2D007C45BC /* rtecg_pantompkins.c */,
				52C839E1167A5BB8000AA688 /* Other Sources */,
				089C1671FE841209C02AAC07 /* External Frameworks and Libraries */,
				19C28FB4FE9D528D11CA2CBB /* Products */,
			);
			name = cv_jit;
			sourceTree = "<group>";
		};
		089C1671FE841209C02AAC07 /* External Frameworks and Libraries */ = {
			isa = PBXGroup;
			children = (
				52DD57401FCEB2FF007C45BC /* MaxAPI.framework */,
				08EA7FFBFE8413EDC02AAC07 /* Carbon.framework */,
			);
			name = "External Frameworks and Libraries";
			sourceTree = "<group>";
		};
		19C28FB4FE9D528D11CA2CBB /* Products */ = {
			isa = PBXGroup;
			children = (
				52048CF31FC2B5DF00FBBBAB /* o.rtecg.mxo */,
			);
			name = Products;
			sourceTree = "<group>";
		};
		52C839E1167A5BB8000AA688 /* Other Sources */ = {
			isa = PBXGroup;
			children = (
				52DD573E1FCEB2EF007C45BC /* commonsyms.c */,
			);
			name = "Other Sources";
			sourceTree = "<group>";
		};
/* End PBXGroup section */

/* Begin PBXHeadersBuildPhase section */
		52048CE71FC2B5DF00FBBBAB /* Headers */ = {
			isa = PBXHeadersBuildPhase;
			buildActionMask = 2147483647;
			files = (
			);
			runOnlyForDeploymentPostprocessing = 0;
		};
/* End PBXHeadersBuildPhase section */

/* Begin PBXNativeTarget section */
		52048CE41FC2B5DF00FBBBAB /* o.rtecg */ = {
			isa = PBXNativeTarget;
			buildConfigurationList = 52048CF01FC2B5DF00FBBBAB /* Build configuration list for PBXNativeTarget "o.rtecg" */;
			buildPhases = (
				52048CE71FC2B5DF00FBBBAB /* Headers */,
				52048CE81FC2B5DF00FBBBAB /* Resources */,
				52048CE91FC2B5DF00FBBBAB /* Sources */,
				52048CEC1FC2B5DF00FBBBAB /* Frameworks */,
			);
			buildRules = (
			);
			dependencies = (
			);
			name = o.rtecg;
			productName = cv.jit.dilate;
			productReference = 52048CF31FC2B5DF00FBBBAB /* o.rtecg.mxo */;
			productType = "com.apple.product-type.bundle";
		};
/* End PBXNativeTarget section */

/* Begin PBXProject section */
		089C1669FE841209C02AAC07 /* Project object */ = {
			isa = PBXProject;
			attributes = {
				BuildIndependentTargetsInParallel = NO;
				ORGANIZATIONNAME = edu.berkeley.cnmat;
			};
			buildConfigurationList = 4FADC23708B4156C00ABE55E /* Build configuration list for PBXProject "o.rtecg" */;
			compatibilityVersion = "Xcode 2.4";
			developmentRegion = English;
			hasScannedForEncodings = 1;
			knownRegions = (
				English,
				Japanese,
				French,
				German,
			);
			mainGroup = 089C166AFE841209C02AAC07 /* cv_jit */;
			projectDirPath = "";
			projectRoot = "<Project File Directory>/../../../";
			targets = (
				52048CE41FC2B5DF00FBBBAB /* o.rtecg */,
			);
		};
/* End PBXProject section */

/* Begin PBXResourcesBuildPhase section */
		52048CE81FC2B5DF00FBBBAB /* Resources */ = {
			isa = PBXResourcesBuildPhase;
			buildActionMask = 2147483647;
			files = (
			);
			runOnlyForDeploymentPostprocessing = 0;
		};
/* End PBXResourcesBuildPhase section */

/* Begin PBXSourcesBuildPhase section */
		52048CE91FC2B5DF00FBBBAB /* Sources */ = {
			isa = PBXSourcesBuildPhase;
			buildActionMask = 2147483647;
			files = (
				52048CF51FC2B5F500FBBBAB /* o.rtecg.c in Sources */,
				52DD573D1FCEAA2D007C45BC /* rtecg_pantompkins.c in Sources */,
				52DD573F1FCEB2EF007C45BC /* commonsyms.c in Sources */,
				52DD573C1FCEAA2D007C45BC /* rtecg_filter.c in Sources */,
			);
			runOnlyForDeploymentPostprocessing = 0;
		};
/* End PBXSourcesBuildPhase section */

/* Begin XCBuildConfiguration section */
		4FADC23808B4156C00ABE55E /* Debug */ = {
			isa = XCBuildConfiguration;
			buildSettings = {
				ARCHS = (
					i386,
					x86_64,
				);
				CONFIGURATION_BUILD_DIR = build;
				COPY_PHASE_STRIP = NO;
				DEPLOYMENT_LOCATION = NO;
				DSTROOT = "$(PROJECT_DIR)/build";
				FRAMEWORK_SEARCH_PATHS = /Library/Frameworks;
				FRAMEWORK_SEARCH_PATHS_QUOTED_FOR_PROJECT_1 = "\"$(SRCROOT)/../../max6-sdk/c74support/max-includes\"";
				GCC_ALTIVEC_EXTENSIONS = YES;
				GCC_DEBUGGING_SYMBOLS = full;
				GCC_ENABLE_FIX_AND_CONTINUE = YES;
				GCC_GENERATE_DEBUGGING_SYMBOLS = NO;
				GCC_INLINES_ARE_PRIVATE_EXTERN = YES;
				GCC_INPUT_FILETYPE = automatic;
				GCC_OPTIMIZATION_LEVEL = 3;
				GCC_PFE_FILE_C_DIALECTS = "c objective-c c++ objective-c++";
				GCC_PRECOMPILE_PREFIX_HEADER = YES;
				GCC_PREFIX_HEADER = "";
				GCC_USE_GCC3_PFE_SUPPORT = NO;
				GCC_VERSION = com.apple.compilers.llvm.clang.1_0;
				GCC_WARN_ABOUT_RETURN_TYPE = NO;
				GCC_WARN_SIGN_COMPARE = NO;
				GCC_WARN_UNUSED_VARIABLE = NO;
				GENERATE_MASTER_OBJECT_FILE = YES;
				GENERATE_PKGINFO_FILE = YES;
				HEADER_SEARCH_PATHS = "";
				HEADER_SEARCH_PATHS_QUOTED_FOR_PROJECT_1 = "\"$(SRCROOT)/../../max6-sdk/c74support/max-includes\"";
				HEADER_SEARCH_PATHS_QUOTED_FOR_PROJECT_2 = "\"$(SRCROOT)/../../libo\"";
				HEADER_SEARCH_PATHS_QUOTED_FOR_PROJECT_3 = "\"$(SRCROOT)/../../libomax\"";
				HEADER_SEARCH_PATHS_QUOTED_FOR_PROJECT_4 = "\"$(SRCROOT)/include\"";
				HEADER_SEARCH_PATHS_QUOTED_FOR_PROJECT_5 = "\"$(SRCROOT)/../../max6-sdk/c74support/msp-includes\"";
				INFOPLIST_FILE = "$(TARGET_NAME)/Info.plist";
				INSTALL_OWNER = "$(USER)";
				INSTALL_PATH = "$(PROJECT_DIR)/../externals";
				LIBRARY_SEARCH_PATHS = "";
				LIBRARY_SEARCH_PATHS_QUOTED_FOR_PROJECT_1 = "\"$(SRCROOT)/../../libo\"";
				LIBRARY_SEARCH_PATHS_QUOTED_FOR_PROJECT_2 = "\"$(SRCROOT)/../../libomax\"";
				MACOSX_DEPLOYMENT_TARGET = 10.5;
				OBJROOT = build;
				ONLY_ACTIVE_ARCH = NO;
				OTHER_CFLAGS = (
					"-g",
					"-DNO_TRANSLATION_SUPPORT",
				);
				OTHER_LDFLAGS = "";
				PREBINDING = YES;
				PRELINK_LIBS = "";
				PRODUCT_NAME = "$(TARGET_NAME)";
				SDKROOT = macosx;
				SHARED_PRECOMPS_DIR = "$(PROJECT_TEMP_DIR)/$(CONFIGURATION)$(EFFECTIVE_PLATFORM_NAME)";
				STRIP_INSTALLED_PRODUCT = NO;
				STRIP_STYLE = all;
				SYMROOT = ./;
				WARNING_CFLAGS = (
					"-Wmost",
					"-Wno-four-char-constants",
					"-Wno-unknown-pragmas",
				);
				WRAPPER_EXTENSION = mxo;
				ZERO_LINK = YES;
			};
			name = Debug;
		};
		4FADC23908B4156C00ABE55E /* Release */ = {
			isa = XCBuildConfiguration;
			buildSettings = {
				ARCHS = (
					i386,
					x86_64,
				);
				CONFIGURATION_BUILD_DIR = build;
				DEPLOYMENT_LOCATION = NO;
				DSTROOT = "$(PROJECT_DIR)/build";
				FRAMEWORK_SEARCH_PATHS = /Library/Frameworks;
				FRAMEWORK_SEARCH_PATHS_QUOTED_FOR_PROJECT_1 = "\"$(SRCROOT)/../../max6-sdk/c74support/max-includes\"";
				GCC_ALTIVEC_EXTENSIONS = YES;
				GCC_AUTO_VECTORIZATION = YES;
				GCC_C_LANGUAGE_STANDARD = c99;
				GCC_DEBUGGING_SYMBOLS = full;
				GCC_ENABLE_SSE3_EXTENSIONS = YES;
				GCC_ENABLE_SUPPLEMENTAL_SSE3_INSTRUCTIONS = YES;
				GCC_GENERATE_DEBUGGING_SYMBOLS = NO;
				GCC_INLINES_ARE_PRIVATE_EXTERN = YES;
				GCC_INPUT_FILETYPE = automatic;
				GCC_OPTIMIZATION_LEVEL = 3;
				GCC_PFE_FILE_C_DIALECTS = "c objective-c c++ objective-c++";
				GCC_PRECOMPILE_PREFIX_HEADER = YES;
				GCC_PREFIX_HEADER = "";
				GCC_UNROLL_LOOPS = YES;
				GCC_USE_GCC3_PFE_SUPPORT = NO;
				GCC_VERSION = com.apple.compilers.llvm.clang.1_0;
				GCC_WARN_ABOUT_RETURN_TYPE = NO;
				GCC_WARN_SIGN_COMPARE = NO;
				GCC_WARN_UNUSED_VARIABLE = NO;
				GENERATE_MASTER_OBJECT_FILE = YES;
				GENERATE_PKGINFO_FILE = YES;
				HEADER_SEARCH_PATHS = "";
				HEADER_SEARCH_PATHS_QUOTED_FOR_PROJECT_1 = "\"$(SRCROOT)/../../max6-sdk/c74support/max-includes\"";
				HEADER_SEARCH_PATHS_QUOTED_FOR_PROJECT_2 = "\"$(SRCROOT)/../../libo\"";
				HEADER_SEARCH_PATHS_QUOTED_FOR_PROJECT_3 = "\"$(SRCROOT)/../../libomax\"";
				HEADER_SEARCH_PATHS_QUOTED_FOR_PROJECT_4 = "\"$(SRCROOT)/include\"";
				HEADER_SEARCH_PATHS_QUOTED_FOR_PROJECT_5 = "\"$(SRCROOT)/../../max6-sdk/c74support/msp-includes\"";
				INFOPLIST_FILE = "$(TARGET_NAME)/Info.plist";
				INSTALL_OWNER = "$(USER)";
				INSTALL_PATH = "$(PROJECT_DIR)/../externals";
				LIBRARY_SEARCH_PATHS = "";
				LIBRARY_SEARCH_PATHS_QUOTED_FOR_PROJECT_1 = "\"$(SRCROOT)/../../libo\"";
				LIBRARY_SEARCH_PATHS_QUOTED_FOR_PROJECT_2 = "\"$(SRCROOT)/../../libomax\"";
				MACOSX_DEPLOYMENT_TARGET = 10.5;
				OBJROOT = build;
				ONLY_ACTIVE_ARCH = NO;
				OTHER_CFLAGS = (
					"-g",
					"-DNO_TRANSLATION_SUPPORT",
				);
				OTHER_LDFLAGS = "";
				PREBINDING = YES;
				PRELINK_LIBS = "";
				PRODUCT_NAME = "$(TARGET_NAME)";
				SDKROOT = macosx;
				SHARED_PRECOMPS_DIR = "$(PROJECT_TEMP_DIR)/$(CONFIGURATION)$(EFFECTIVE_PLATFORM_NAME)";
				STRIP_INSTALLED_PRODUCT = NO;
				STRIP_STYLE = all;
				SYMROOT = ./;
				WARNING_CFLAGS = (
					"-Wmost",
					"-Wno-four-char-constants",
					"-Wno-unknown-pragmas",
				);
				WRAPPER_EXTENSION = mxo;
			};
			name = Release;
		};
		52048CF11FC2B5DF00FBBBAB /* Debug */ = {
			isa = XCBuildConfiguration;
			buildSettings = {
				ARCHS = "$(inherited)";
				CONFIGURATION_BUILD_DIR = "$(SYMROOT)";
				CONFIGURATION_TEMP_DIR = "$(inherited)";
				COPY_PHASE_STRIP = NO;
				FRAMEWORK_SEARCH_PATHS = (
					"$(inherited)",
					"\"$(SRCROOT)/../lib/max-sdk/source/c74support/max-includes\"",
				);
				FRAMEWORK_SEARCH_PATHS_QUOTED_FOR_TARGET_1 = "\"$(SRCROOT)/../../max6-sdk/c74support/max-includes\"";
				GCC_ALTIVEC_EXTENSIONS = YES;
				GCC_DYNAMIC_NO_PIC = NO;
				GCC_ENABLE_FIX_AND_CONTINUE = YES;
				GCC_GENERATE_DEBUGGING_SYMBOLS = YES;
				GCC_INPUT_FILETYPE = automatic;
				GCC_MODEL_TUNING = G4;
				GCC_OPTIMIZATION_LEVEL = 0;
				GCC_PRECOMPILE_PREFIX_HEADER = YES;
				GCC_PREFIX_HEADER = "/Users/john/Development/CNMAT/CNMAT/max-sdk/source/c74support/max-includes/macho-prefix.pch";
				HEADER_SEARCH_PATHS = (
					"\"$(SRCROOT)/../lib/max-sdk/source/c74support/max-includes\"",
					"\"$(SRCROOT)/../lib/libo\"",
					"\"$(SRCROOT)/../lib/libomax\"",
				);
				INFOPLIST_FILE = "o.rtecg-Info.plist";
				INSTALL_PATH = "";
				LIBRARY_SEARCH_PATHS = (
					"\"$(SRCROOT)/../lib/libo\"",
					"\"$(SRCROOT)/../lib/libomax\"",
					"\"$(SRCROOT)/../lib/max-sdk/source/c74support/max-includes\"",
				);
				LIBRARY_SEARCH_PATHS_QUOTED_FOR_TARGET_1 = "\"$(SRCROOT)/../../libo\"";
				LIBRARY_SEARCH_PATHS_QUOTED_FOR_TARGET_2 = "\"$(SRCROOT)/../../libomax\"";
				MACOSX_DEPLOYMENT_TARGET = 10.5;
				OBJROOT = "$(inherited)";
				OTHER_LDFLAGS = "";
				PREBINDING = YES;
				PRELINK_LIBS = "\"$(SRCROOT)/../lib/libo/libo.a\" \"$(SRCROOT)/../lib/libomax/libomax.a\"";
				PRODUCT_NAME = "$(TARGET_NAME)";
				SDKROOT = macosx;
				SHARED_PRECOMPS_DIR = "$(inherited)";
				SYMROOT = "$(inherited)";
				VERSION_INFO_BUILDER = "$(TARGET_NAME)";
				WARNING_CFLAGS = "$(inherited)";
				WRAPPER_EXTENSION = "$(inherited)";
				ZERO_LINK = YES;
			};
			name = Debug;
		};
		52048CF21FC2B5DF00FBBBAB /* Release */ = {
			isa = XCBuildConfiguration;
			buildSettings = {
				ARCHS = "$(inherited)";
				CONFIGURATION_BUILD_DIR = "$(SYMROOT)";
				CONFIGURATION_TEMP_DIR = "$(inherited)";
				COPY_PHASE_STRIP = YES;
				DSTROOT = "$(PROJECT_DIR)";
				FRAMEWORK_SEARCH_PATHS = (
					"$(inherited)",
					"\"$(SRCROOT)/../lib/max-sdk/source/c74support/max-includes\"",
				);
				FRAMEWORK_SEARCH_PATHS_QUOTED_FOR_TARGET_1 = "\"$(SRCROOT)/../../max6-sdk/c74support/max-includes\"";
				GCC_ALTIVEC_EXTENSIONS = YES;
				GCC_ENABLE_FIX_AND_CONTINUE = NO;
				GCC_GENERATE_DEBUGGING_SYMBOLS = NO;
				GCC_INPUT_FILETYPE = automatic;
				GCC_MODEL_TUNING = G4;
				GCC_PRECOMPILE_PREFIX_HEADER = YES;
				GCC_PREFIX_HEADER = "/Users/john/Development/CNMAT/CNMAT/max-sdk/source/c74support/max-includes/macho-prefix.pch";
				HEADER_SEARCH_PATHS = (
					"\"$(SRCROOT)/../lib/max-sdk/source/c74support/max-includes\"",
					"\"$(SRCROOT)/../lib/libo\"",
					"\"$(SRCROOT)/../lib/libomax\"",
				);
				INFOPLIST_FILE = "o.rtecg-Info.plist";
				INSTALL_PATH = "";
				LIBRARY_SEARCH_PATHS = (
					"\"$(SRCROOT)/../lib/libo\"",
					"\"$(SRCROOT)/../lib/libomax\"",
					"\"$(SRCROOT)/../lib/max-sdk/source/c74support/max-includes\"",
				);
				LIBRARY_SEARCH_PATHS_QUOTED_FOR_TARGET_1 = "\"$(SRCROOT)/../../libo\"";
				LIBRARY_SEARCH_PATHS_QUOTED_FOR_TARGET_2 = "\"$(SRCROOT)/../../libomax\"";
				MACOSX_DEPLOYMENT_TARGET = 10.5;
				OBJROOT = "$(inherited)";
				OTHER_LDFLAGS = "";
				PREBINDING = YES;
				PRELINK_LIBS = "\"$(SRCROOT)/../lib/libo/libo.a\" \"$(SRCROOT)/../lib/libomax/libomax.a\"";
				PRODUCT_NAME = "$(TARGET_NAME)";
				SDKROOT = macosx;
				SHARED_PRECOMPS_DIR = "$(inherited)";
				SYMROOT = "$(inherited)";
				VERSION_INFO_BUILDER = "$(TARGET_NAME)";
				WARNING_CFLAGS = "$(inherited)";
				WRAPPER_EXTENSION = "$(inherited)";
				ZERO_LINK = NO;
			};
			name = Release;
		};
/* End XCBuildConfiguration section */

/* Begin XCConfigurationList section */
		4FADC23708B4156C00ABE55E /* Build configuration list for PBXProject "o.rtecg" */ = {
			isa = XCConfigurationList;
			buildConfigurations = (
				4FADC23808B4156C00ABE55E /* Debug */,
				4FADC23908B4156C00ABE55E /* Release */,
			);
			defaultConfigurationIsVisible = 0;
			defaultConfigurationName = Release;
		};
		52048CF01FC2B5DF00FBBBAB /* Build configuration list for PBXNativeTarget "o.rtecg" */ = {
			isa = XCConfigurationList;
			buildConfigurations = (
				52048CF11FC2B5DF00FBBBAB /* Debug */,
				52048CF21FC2B5DF00FBBBAB /* Release */,
			);
			defaultConfigurationIsVisible = 0;
			defaultConfigurationName = Release;
		};
/* End XCConfigurationList section */
	};
	rootObject = 089C1669FE841209C02AAC07 /* Project object */;
}
